
Microsoft Visual Studio Solution File, Format Version 12.00
# Visual Studio Version 17
VisualStudioVersion = 17.1.32210.238
MinimumVisualStudioVersion = 10.0.40219.1
Project("{FAE04EC0-301F-11D3-BF4B-00C04F79EFBC}") = "ProjektProgramowanieObiektowe", "ProjektProgramowanieObiektowe.csproj", "{C3A80587-C719-4412-87DB-3453D610C6FC}"
EndProject
Global
	GlobalSection(SolutionConfigurationPlatforms) = preSolution
		Debug|Any CPU = Debug|Any CPU
		Release|Any CPU = Release|Any CPU
	EndGlobalSection
	GlobalSection(ProjectConfigurationPlatforms) = postSolution
		{C3A80587-C719-4412-87DB-3453D610C6FC}.Debug|Any CPU.ActiveCfg = Debug|Any CPU
		{C3A80587-C719-4412-87DB-3453D610C6FC}.Debug|Any CPU.Build.0 = Debug|Any CPU
		{C3A80587-C719-4412-87DB-3453D610C6FC}.Release|Any CPU.ActiveCfg = Release|Any CPU
		{C3A80587-C719-4412-87DB-3453D610C6FC}.Release|Any CPU.Build.0 = Release|Any CPU
	EndGlobalSection
	GlobalSection(SolutionProperties) = preSolution
		HideSolutionNode = FALSE
	EndGlobalSection
	GlobalSection(ExtensibilityGlobals) = postSolution
		SolutionGuid = {AD57006F-EA9C-450A-B818-094DC439E321}
	EndGlobalSection
EndGlobal
